
Microsoft Visual Studio Solution File, Format Version 12.00
# Visual Studio Version 17
VisualStudioVersion = 17.14.36221.1 d17.14
MinimumVisualStudioVersion = 10.0.40219.1
Project("{FAE04EC0-301F-11D3-BF4B-00C04F79EFBC}") = "JwtAuthAPI", "JwtAuthAPI.csproj", "{1FE49614-F99D-4B4E-8A62-8D82890CAE6A}"
EndProject
Global
	GlobalSection(SolutionConfigurationPlatforms) = preSolution
		Debug|Any CPU = Debug|Any CPU
		Release|Any CPU = Release|Any CPU
	EndGlobalSection
	GlobalSection(ProjectConfigurationPlatforms) = postSolution
		{1FE49614-F99D-4B4E-8A62-8D82890CAE6A}.Debug|Any CPU.ActiveCfg = Debug|Any CPU
		{1FE49614-F99D-4B4E-8A62-8D82890CAE6A}.Debug|Any CPU.Build.0 = Debug|Any CPU
		{1FE49614-F99D-4B4E-8A62-8D82890CAE6A}.Release|Any CPU.ActiveCfg = Release|Any CPU
		{1FE49614-F99D-4B4E-8A62-8D82890CAE6A}.Release|Any CPU.Build.0 = Release|Any CPU
	EndGlobalSection
	GlobalSection(SolutionProperties) = preSolution
		HideSolutionNode = FALSE
	EndGlobalSection
	GlobalSection(ExtensibilityGlobals) = postSolution
		SolutionGuid = {1CC11A04-23C9-4DC4-B008-F6BD189B10E0}
	EndGlobalSection
EndGlobal
